// !$*UTF8*$!
{
	archiveVersion = 1;
	classes = {
	};
	objectVersion = 56;
	objects = {

/* Begin PBXBuildFile section */
		C200420A2C3F74E1003205EF /* iPlumberApp.swift in Sources */ = {isa = PBXBuildFile; fileRef = C20042092C3F74E1003205EF /* iPlumberApp.swift */; };
		C200420E2C3F74E6003205EF /* Assets.xcassets in Resources */ = {isa = PBXBuildFile; fileRef = C200420D2C3F74E6003205EF /* Assets.xcassets */; };
		C20042112C3F74E6003205EF /* Preview Assets.xcassets in Resources */ = {isa = PBXBuildFile; fileRef = C20042102C3F74E6003205EF /* Preview Assets.xcassets */; };
		C200421B2C3F74E6003205EF /* iPlumberTests.swift in Sources */ = {isa = PBXBuildFile; fileRef = C200421A2C3F74E6003205EF /* iPlumberTests.swift */; };
		C20042252C3F74E6003205EF /* iPlumberUITests.swift in Sources */ = {isa = PBXBuildFile; fileRef = C20042242C3F74E6003205EF /* iPlumberUITests.swift */; };
		C20042272C3F74E6003205EF /* iPlumberUITestsLaunchTests.swift in Sources */ = {isa = PBXBuildFile; fileRef = C20042262C3F74E6003205EF /* iPlumberUITestsLaunchTests.swift */; };
		C200423E2C3F76E6003205EF /* QuestionView.swift in Sources */ = {isa = PBXBuildFile; fileRef = C200423D2C3F76E6003205EF /* QuestionView.swift */; };
		C20042402C3F7736003205EF /* ResultView.swift in Sources */ = {isa = PBXBuildFile; fileRef = C200423F2C3F7736003205EF /* ResultView.swift */; };
		C20042482C3F7FA1003205EF /* threaded_and_grooved_pipe_210102e_Part_1.json in Resources */ = {isa = PBXBuildFile; fileRef = C20042472C3F7FA1003205EF /* threaded_and_grooved_pipe_210102e_Part_1.json */; };
		C200425D2C43243E003205EF /* TopicListView.swift in Sources */ = {isa = PBXBuildFile; fileRef = C200425C2C43243E003205EF /* TopicListView.swift */; };
		C200425F2C432458003205EF /* TopicDetailView.swift in Sources */ = {isa = PBXBuildFile; fileRef = C200425E2C432458003205EF /* TopicDetailView.swift */; };
		C20042612C4324AD003205EF /* safety_legislation_regulations_industry_policy_in_the_trades_210101a.json in Resources */ = {isa = PBXBuildFile; fileRef = C20042602C4324AD003205EF /* safety_legislation_regulations_industry_policy_in_the_trades_210101a.json */; };
		C20042652C4324F3003205EF /* DateFormatter.swift in Sources */ = {isa = PBXBuildFile; fileRef = C20042642C4324F3003205EF /* DateFormatter.swift */; };
		C20042672C4326B8003205EF /* TestViewModel.swift in Sources */ = {isa = PBXBuildFile; fileRef = C20042662C4326B8003205EF /* TestViewModel.swift */; };
		C20042692C4328EE003205EF /* hazardous_materials_and_fire_protection_210101c.json in Resources */ = {isa = PBXBuildFile; fileRef = C20042682C4328EE003205EF /* hazardous_materials_and_fire_protection_210101c.json */; };
		C200426B2C43330F003205EF /* UserDefaultsKeys.swift in Sources */ = {isa = PBXBuildFile; fileRef = C200426A2C43330F003205EF /* UserDefaultsKeys.swift */; };
		C200426D2C443FD6003205EF /* climbing_lifting_rigging_hoisting_210101b.json in Resources */ = {isa = PBXBuildFile; fileRef = C200426C2C443FD6003205EF /* climbing_lifting_rigging_hoisting_210101b.json */; };
		C200426F2C445898003205EF /* QuestionView_Previews.swift in Sources */ = {isa = PBXBuildFile; fileRef = C200426E2C445898003205EF /* QuestionView_Previews.swift */; };
		C20042712C44C297003205EF /* apprenticeship_training_program_210101d.json in Resources */ = {isa = PBXBuildFile; fileRef = C20042702C44C297003205EF /* apprenticeship_training_program_210101d.json */; };
		C20042752C44D9FC003205EF /* electrical_safety_210101f.json in Resources */ = {isa = PBXBuildFile; fileRef = C20042742C44D9FC003205EF /* electrical_safety_210101f.json */; };
		C20042772C44E3AA003205EF /* pipe_trades_codes_210101e.json in Resources */ = {isa = PBXBuildFile; fileRef = C20042762C44E3AA003205EF /* pipe_trades_codes_210101e.json */; };
		C2F4C7BF2C461D0900AA3437 /* hand_tools_210102a.json in Resources */ = {isa = PBXBuildFile; fileRef = C2F4C7BE2C461D0900AA3437 /* hand_tools_210102a.json */; };
		C2F4C7C32C46235B00AA3437 /* power_tools_210102b.json in Resources */ = {isa = PBXBuildFile; fileRef = C2F4C7C22C46235B00AA3437 /* power_tools_210102b.json */; };
		C2F4C7C52C4627D300AA3437 /* welded_pipe_and_fittings_210102c.json in Resources */ = {isa = PBXBuildFile; fileRef = C2F4C7C42C4627D300AA3437 /* welded_pipe_and_fittings_210102c.json */; };
		C2F4C7CE2C46FE3200AA3437 /* SectionsViewModel.swift in Sources */ = {isa = PBXBuildFile; fileRef = C2F4C7CD2C46FE3200AA3437 /* SectionsViewModel.swift */; };
		C2F4C7D22C4710F100AA3437 /* TopicsView.swift in Sources */ = {isa = PBXBuildFile; fileRef = C2F4C7D12C4710F100AA3437 /* TopicsView.swift */; };
		C2F4C7D42C47125200AA3437 /* SectionListView.swift in Sources */ = {isa = PBXBuildFile; fileRef = C2F4C7D32C47125200AA3437 /* SectionListView.swift */; };
		C2F4C7D62C471D7200AA3437 /* Models.swift in Sources */ = {isa = PBXBuildFile; fileRef = C2F4C7D52C471D7200AA3437 /* Models.swift */; };
		C2F4C7DC2C472BCF00AA3437 /* plastic_pipe_and_tube_210102d.json in Resources */ = {isa = PBXBuildFile; fileRef = C2F4C7DB2C472BCF00AA3437 /* plastic_pipe_and_tube_210102d.json */; };
		C2F4C7E52C4A0F7800AA3437 /* test.json in Resources */ = {isa = PBXBuildFile; fileRef = C2F4C7E42C4A0F7800AA3437 /* test.json */; };
		C2F4C7E72C4A2E1500AA3437 /* threaded_and_grooved_pipe_210102e_Part_2.json in Resources */ = {isa = PBXBuildFile; fileRef = C2F4C7E62C4A2E1500AA3437 /* threaded_and_grooved_pipe_210102e_Part_2.json */; };
		C2F4C7E92C4DF12700AA3437 /* tube_and_tubing_210102f.json in Resources */ = {isa = PBXBuildFile; fileRef = C2F4C7E82C4DF12700AA3437 /* tube_and_tubing_210102f.json */; };
		C2F4C7EB2C4E029200AA3437 /* valves_210102g_Part_1.json in Resources */ = {isa = PBXBuildFile; fileRef = C2F4C7EA2C4E029100AA3437 /* valves_210102g_Part_1.json */; };
		C2F4C7ED2C4E109200AA3437 /* valves_210102g_Part_2.json in Resources */ = {isa = PBXBuildFile; fileRef = C2F4C7EC2C4E109200AA3437 /* valves_210102g_Part_2.json */; };
		C2F4C7F12C4E1A0D00AA3437 /* hangers_supports_and_fasteners_210102h.json in Resources */ = {isa = PBXBuildFile; fileRef = C2F4C7F02C4E1A0D00AA3437 /* hangers_supports_and_fasteners_210102h.json */; };
		C2F4C7F32C4ECFB200AA3437 /* pressure_testing_210102i.json in Resources */ = {isa = PBXBuildFile; fileRef = C2F4C7F22C4ECFB200AA3437 /* pressure_testing_210102i.json */; };
		C2F4C7F52C4EDC2E00AA3437 /* pumps_210102j.json in Resources */ = {isa = PBXBuildFile; fileRef = C2F4C7F42C4EDC2E00AA3437 /* pumps_210102j.json */; };
		C2F4C7F72C4F2DC800AA3437 /* welding_safety_210103a.json in Resources */ = {isa = PBXBuildFile; fileRef = C2F4C7F62C4F2DC800AA3437 /* welding_safety_210103a.json */; };
		C2F4C7FA2C4F32B900AA3437 /* welding_part_a_210103bA.json in Resources */ = {isa = PBXBuildFile; fileRef = C2F4C7F92C4F32B900AA3437 /* welding_part_a_210103bA.json */; };
		C2F4C7FC2C4F391100AA3437 /* welding_part_b_210103bB.json in Resources */ = {isa = PBXBuildFile; fileRef = C2F4C7FB2C4F391100AA3437 /* welding_part_b_210103bB.json */; };
		C2F4C7FE2C4F3A1500AA3437 /* welding_part_c_210103bC.json in Resources */ = {isa = PBXBuildFile; fileRef = C2F4C7FD2C4F3A1500AA3437 /* welding_part_c_210103bC.json */; };
		C2F4C8002C4F413A00AA3437 /* brazing_and_soldering_210103c.json in Resources */ = {isa = PBXBuildFile; fileRef = C2F4C7FF2C4F413A00AA3437 /* brazing_and_soldering_210103c.json */; };
		C2F4C8042C4F582700AA3437 /* sketching_and_drawing_210104a.json in Resources */ = {isa = PBXBuildFile; fileRef = C2F4C8032C4F582700AA3437 /* sketching_and_drawing_210104a.json */; };
/* End PBXBuildFile section */

/* Begin PBXContainerItemProxy section */
		C20042172C3F74E6003205EF /* PBXContainerItemProxy */ = {
			isa = PBXContainerItemProxy;
			containerPortal = C20041FE2C3F74E1003205EF /* Project object */;
			proxyType = 1;
			remoteGlobalIDString = C20042052C3F74E1003205EF;
			remoteInfo = iPlumber;
		};
		C20042212C3F74E6003205EF /* PBXContainerItemProxy */ = {
			isa = PBXContainerItemProxy;
			containerPortal = C20041FE2C3F74E1003205EF /* Project object */;
			proxyType = 1;
			remoteGlobalIDString = C20042052C3F74E1003205EF;
			remoteInfo = iPlumber;
		};
/* End PBXContainerItemProxy section */

/* Begin PBXFileReference section */
		C20042062C3F74E1003205EF /* iPlumber.app */ = {isa = PBXFileReference; explicitFileType = wrapper.application; includeInIndex = 0; path = iPlumber.app; sourceTree = BUILT_PRODUCTS_DIR; };
		C20042092C3F74E1003205EF /* iPlumberApp.swift */ = {isa = PBXFileReference; lastKnownFileType = sourcecode.swift; path = iPlumberApp.swift; sourceTree = "<group>"; };
		C200420D2C3F74E6003205EF /* Assets.xcassets */ = {isa = PBXFileReference; lastKnownFileType = folder.assetcatalog; path = Assets.xcassets; sourceTree = "<group>"; };
		C20042102C3F74E6003205EF /* Preview Assets.xcassets */ = {isa = PBXFileReference; lastKnownFileType = folder.assetcatalog; path = "Preview Assets.xcassets"; sourceTree = "<group>"; };
		C20042162C3F74E6003205EF /* iPlumberTests.xctest */ = {isa = PBXFileReference; explicitFileType = wrapper.cfbundle; includeInIndex = 0; path = iPlumberTests.xctest; sourceTree = BUILT_PRODUCTS_DIR; };
		C200421A2C3F74E6003205EF /* iPlumberTests.swift */ = {isa = PBXFileReference; lastKnownFileType = sourcecode.swift; path = iPlumberTests.swift; sourceTree = "<group>"; };
		C20042202C3F74E6003205EF /* iPlumberUITests.xctest */ = {isa = PBXFileReference; explicitFileType = wrapper.cfbundle; includeInIndex = 0; path = iPlumberUITests.xctest; sourceTree = BUILT_PRODUCTS_DIR; };
		C20042242C3F74E6003205EF /* iPlumberUITests.swift */ = {isa = PBXFileReference; lastKnownFileType = sourcecode.swift; path = iPlumberUITests.swift; sourceTree = "<group>"; };
		C20042262C3F74E6003205EF /* iPlumberUITestsLaunchTests.swift */ = {isa = PBXFileReference; lastKnownFileType = sourcecode.swift; path = iPlumberUITestsLaunchTests.swift; sourceTree = "<group>"; };
		C200423D2C3F76E6003205EF /* QuestionView.swift */ = {isa = PBXFileReference; lastKnownFileType = sourcecode.swift; path = QuestionView.swift; sourceTree = "<group>"; };
		C200423F2C3F7736003205EF /* ResultView.swift */ = {isa = PBXFileReference; lastKnownFileType = sourcecode.swift; path = ResultView.swift; sourceTree = "<group>"; };
		C20042472C3F7FA1003205EF /* threaded_and_grooved_pipe_210102e_Part_1.json */ = {isa = PBXFileReference; lastKnownFileType = text.json; path = threaded_and_grooved_pipe_210102e_Part_1.json; sourceTree = "<group>"; };
		C200425C2C43243E003205EF /* TopicListView.swift */ = {isa = PBXFileReference; lastKnownFileType = sourcecode.swift; path = TopicListView.swift; sourceTree = "<group>"; };
		C200425E2C432458003205EF /* TopicDetailView.swift */ = {isa = PBXFileReference; lastKnownFileType = sourcecode.swift; path = TopicDetailView.swift; sourceTree = "<group>"; };
		C20042602C4324AD003205EF /* safety_legislation_regulations_industry_policy_in_the_trades_210101a.json */ = {isa = PBXFileReference; lastKnownFileType = text.json; path = safety_legislation_regulations_industry_policy_in_the_trades_210101a.json; sourceTree = "<group>"; };
		C20042642C4324F3003205EF /* DateFormatter.swift */ = {isa = PBXFileReference; lastKnownFileType = sourcecode.swift; path = DateFormatter.swift; sourceTree = "<group>"; };
		C20042662C4326B8003205EF /* TestViewModel.swift */ = {isa = PBXFileReference; lastKnownFileType = sourcecode.swift; path = TestViewModel.swift; sourceTree = "<group>"; };
		C20042682C4328EE003205EF /* hazardous_materials_and_fire_protection_210101c.json */ = {isa = PBXFileReference; lastKnownFileType = text.json; path = hazardous_materials_and_fire_protection_210101c.json; sourceTree = "<group>"; };
		C200426A2C43330F003205EF /* UserDefaultsKeys.swift */ = {isa = PBXFileReference; lastKnownFileType = sourcecode.swift; path = UserDefaultsKeys.swift; sourceTree = "<group>"; };
		C200426C2C443FD6003205EF /* climbing_lifting_rigging_hoisting_210101b.json */ = {isa = PBXFileReference; lastKnownFileType = text.json; path = climbing_lifting_rigging_hoisting_210101b.json; sourceTree = "<group>"; };
		C200426E2C445898003205EF /* QuestionView_Previews.swift */ = {isa = PBXFileReference; lastKnownFileType = sourcecode.swift; path = QuestionView_Previews.swift; sourceTree = "<group>"; };
		C20042702C44C297003205EF /* apprenticeship_training_program_210101d.json */ = {isa = PBXFileReference; lastKnownFileType = text.json; path = apprenticeship_training_program_210101d.json; sourceTree = "<group>"; };
		C20042742C44D9FC003205EF /* electrical_safety_210101f.json */ = {isa = PBXFileReference; lastKnownFileType = text.json; path = electrical_safety_210101f.json; sourceTree = "<group>"; };
		C20042762C44E3AA003205EF /* pipe_trades_codes_210101e.json */ = {isa = PBXFileReference; lastKnownFileType = text.json; path = pipe_trades_codes_210101e.json; sourceTree = "<group>"; };
		C2F4C7BE2C461D0900AA3437 /* hand_tools_210102a.json */ = {isa = PBXFileReference; lastKnownFileType = text.json; path = hand_tools_210102a.json; sourceTree = "<group>"; };
		C2F4C7C22C46235B00AA3437 /* power_tools_210102b.json */ = {isa = PBXFileReference; lastKnownFileType = text.json; path = power_tools_210102b.json; sourceTree = "<group>"; };
		C2F4C7C42C4627D300AA3437 /* welded_pipe_and_fittings_210102c.json */ = {isa = PBXFileReference; lastKnownFileType = text.json; path = welded_pipe_and_fittings_210102c.json; sourceTree = "<group>"; };
		C2F4C7CD2C46FE3200AA3437 /* SectionsViewModel.swift */ = {isa = PBXFileReference; lastKnownFileType = sourcecode.swift; path = SectionsViewModel.swift; sourceTree = "<group>"; };
		C2F4C7D12C4710F100AA3437 /* TopicsView.swift */ = {isa = PBXFileReference; lastKnownFileType = sourcecode.swift; path = TopicsView.swift; sourceTree = "<group>"; };
		C2F4C7D32C47125200AA3437 /* SectionListView.swift */ = {isa = PBXFileReference; lastKnownFileType = sourcecode.swift; path = SectionListView.swift; sourceTree = "<group>"; };
		C2F4C7D52C471D7200AA3437 /* Models.swift */ = {isa = PBXFileReference; lastKnownFileType = sourcecode.swift; path = Models.swift; sourceTree = "<group>"; };
		C2F4C7DB2C472BCF00AA3437 /* plastic_pipe_and_tube_210102d.json */ = {isa = PBXFileReference; lastKnownFileType = text.json; path = plastic_pipe_and_tube_210102d.json; sourceTree = "<group>"; };
		C2F4C7E42C4A0F7800AA3437 /* test.json */ = {isa = PBXFileReference; lastKnownFileType = text.json; path = test.json; sourceTree = "<group>"; };
		C2F4C7E62C4A2E1500AA3437 /* threaded_and_grooved_pipe_210102e_Part_2.json */ = {isa = PBXFileReference; lastKnownFileType = text.json; path = threaded_and_grooved_pipe_210102e_Part_2.json; sourceTree = "<group>"; };
		C2F4C7E82C4DF12700AA3437 /* tube_and_tubing_210102f.json */ = {isa = PBXFileReference; lastKnownFileType = text.json; path = tube_and_tubing_210102f.json; sourceTree = "<group>"; };
		C2F4C7EA2C4E029100AA3437 /* valves_210102g_Part_1.json */ = {isa = PBXFileReference; lastKnownFileType = text.json; path = valves_210102g_Part_1.json; sourceTree = "<group>"; };
		C2F4C7EC2C4E109200AA3437 /* valves_210102g_Part_2.json */ = {isa = PBXFileReference; lastKnownFileType = text.json; path = valves_210102g_Part_2.json; sourceTree = "<group>"; };
		C2F4C7F02C4E1A0D00AA3437 /* hangers_supports_and_fasteners_210102h.json */ = {isa = PBXFileReference; lastKnownFileType = text.json; path = hangers_supports_and_fasteners_210102h.json; sourceTree = "<group>"; };
		C2F4C7F22C4ECFB200AA3437 /* pressure_testing_210102i.json */ = {isa = PBXFileReference; lastKnownFileType = text.json; path = pressure_testing_210102i.json; sourceTree = "<group>"; };
		C2F4C7F42C4EDC2E00AA3437 /* pumps_210102j.json */ = {isa = PBXFileReference; lastKnownFileType = text.json; path = pumps_210102j.json; sourceTree = "<group>"; };
		C2F4C7F62C4F2DC800AA3437 /* welding_safety_210103a.json */ = {isa = PBXFileReference; lastKnownFileType = text.json; path = welding_safety_210103a.json; sourceTree = "<group>"; };
		C2F4C7F92C4F32B900AA3437 /* welding_part_a_210103bA.json */ = {isa = PBXFileReference; lastKnownFileType = text.json; path = welding_part_a_210103bA.json; sourceTree = "<group>"; };
		C2F4C7FB2C4F391100AA3437 /* welding_part_b_210103bB.json */ = {isa = PBXFileReference; lastKnownFileType = text.json; path = welding_part_b_210103bB.json; sourceTree = "<group>"; };
		C2F4C7FD2C4F3A1500AA3437 /* welding_part_c_210103bC.json */ = {isa = PBXFileReference; lastKnownFileType = text.json; path = welding_part_c_210103bC.json; sourceTree = "<group>"; };
		C2F4C7FF2C4F413A00AA3437 /* brazing_and_soldering_210103c.json */ = {isa = PBXFileReference; lastKnownFileType = text.json; path = brazing_and_soldering_210103c.json; sourceTree = "<group>"; };
		C2F4C8032C4F582700AA3437 /* sketching_and_drawing_210104a.json */ = {isa = PBXFileReference; lastKnownFileType = text.json; path = sketching_and_drawing_210104a.json; sourceTree = "<group>"; };
/* End PBXFileReference section */

/* Begin PBXFrameworksBuildPhase section */
		C20042032C3F74E1003205EF /* Frameworks */ = {
			isa = PBXFrameworksBuildPhase;
			buildActionMask = 2147483647;
			files = (
			);
			runOnlyForDeploymentPostprocessing = 0;
		};
		C20042132C3F74E6003205EF /* Frameworks */ = {
			isa = PBXFrameworksBuildPhase;
			buildActionMask = 2147483647;
			files = (
			);
			runOnlyForDeploymentPostprocessing = 0;
		};
		C200421D2C3F74E6003205EF /* Frameworks */ = {
			isa = PBXFrameworksBuildPhase;
			buildActionMask = 2147483647;
			files = (
			);
			runOnlyForDeploymentPostprocessing = 0;
		};
/* End PBXFrameworksBuildPhase section */

/* Begin PBXGroup section */
		C20041FD2C3F74E1003205EF = {
			isa = PBXGroup;
			children = (
				C20042082C3F74E1003205EF /* iPlumber */,
				C20042192C3F74E6003205EF /* iPlumberTests */,
				C20042232C3F74E6003205EF /* iPlumberUITests */,
				C20042072C3F74E1003205EF /* Products */,
			);
			sourceTree = "<group>";
		};
		C20042072C3F74E1003205EF /* Products */ = {
			isa = PBXGroup;
			children = (
				C20042062C3F74E1003205EF /* iPlumber.app */,
				C20042162C3F74E6003205EF /* iPlumberTests.xctest */,
				C20042202C3F74E6003205EF /* iPlumberUITests.xctest */,
			);
			name = Products;
			sourceTree = "<group>";
		};
		C20042082C3F74E1003205EF /* iPlumber */ = {
			isa = PBXGroup;
			children = (
				C2F4C7C82C46FD8600AA3437 /* Models */,
				C20042552C430F14003205EF /* Questions JSON */,
				C20042092C3F74E1003205EF /* iPlumberApp.swift */,
				C2F4C7D32C47125200AA3437 /* SectionListView.swift */,
				C200425C2C43243E003205EF /* TopicListView.swift */,
				C200425E2C432458003205EF /* TopicDetailView.swift */,
				C200423D2C3F76E6003205EF /* QuestionView.swift */,
				C200423F2C3F7736003205EF /* ResultView.swift */,
				C20042642C4324F3003205EF /* DateFormatter.swift */,
				C20042662C4326B8003205EF /* TestViewModel.swift */,
				C200426A2C43330F003205EF /* UserDefaultsKeys.swift */,
				C200420D2C3F74E6003205EF /* Assets.xcassets */,
				C200420F2C3F74E6003205EF /* Preview Content */,
				C2F4C7D12C4710F100AA3437 /* TopicsView.swift */,
			);
			path = iPlumber;
			sourceTree = "<group>";
		};
		C200420F2C3F74E6003205EF /* Preview Content */ = {
			isa = PBXGroup;
			children = (
				C20042102C3F74E6003205EF /* Preview Assets.xcassets */,
				C200426E2C445898003205EF /* QuestionView_Previews.swift */,
			);
			path = "Preview Content";
			sourceTree = "<group>";
		};
		C20042192C3F74E6003205EF /* iPlumberTests */ = {
			isa = PBXGroup;
			children = (
				C200421A2C3F74E6003205EF /* iPlumberTests.swift */,
			);
			path = iPlumberTests;
			sourceTree = "<group>";
		};
		C20042232C3F74E6003205EF /* iPlumberUITests */ = {
			isa = PBXGroup;
			children = (
				C20042242C3F74E6003205EF /* iPlumberUITests.swift */,
				C20042262C3F74E6003205EF /* iPlumberUITestsLaunchTests.swift */,
			);
			path = iPlumberUITests;
			sourceTree = "<group>";
		};
		C20042552C430F14003205EF /* Questions JSON */ = {
			isa = PBXGroup;
			children = (
				C2F4C7D72C47243200AA3437 /* Section 1 */,
				C2F4C7D82C4726EF00AA3437 /* Section 2 */,
				C2F4C7F82C4F2DE400AA3437 /* Section 3 */,
				C2F4C8012C4F53B200AA3437 /* Section 4 */,
				C2F4C8022C4F53C200AA3437 /* Section 5 */,
			);
			path = "Questions JSON";
			sourceTree = "<group>";
		};
		C2F4C7C82C46FD8600AA3437 /* Models */ = {
			isa = PBXGroup;
			children = (
				C2F4C7D52C471D7200AA3437 /* Models.swift */,
				C2F4C7CD2C46FE3200AA3437 /* SectionsViewModel.swift */,
			);
			path = Models;
			sourceTree = "<group>";
		};
		C2F4C7D72C47243200AA3437 /* Section 1 */ = {
			isa = PBXGroup;
			children = (
				C20042602C4324AD003205EF /* safety_legislation_regulations_industry_policy_in_the_trades_210101a.json */,
				C200426C2C443FD6003205EF /* climbing_lifting_rigging_hoisting_210101b.json */,
				C20042682C4328EE003205EF /* hazardous_materials_and_fire_protection_210101c.json */,
				C20042702C44C297003205EF /* apprenticeship_training_program_210101d.json */,
				C20042762C44E3AA003205EF /* pipe_trades_codes_210101e.json */,
				C20042742C44D9FC003205EF /* electrical_safety_210101f.json */,
			);
			path = "Section 1";
			sourceTree = "<group>";
		};
		C2F4C7D82C4726EF00AA3437 /* Section 2 */ = {
			isa = PBXGroup;
			children = (
				C2F4C7BE2C461D0900AA3437 /* hand_tools_210102a.json */,
				C2F4C7C22C46235B00AA3437 /* power_tools_210102b.json */,
				C2F4C7C42C4627D300AA3437 /* welded_pipe_and_fittings_210102c.json */,
				C2F4C7DB2C472BCF00AA3437 /* plastic_pipe_and_tube_210102d.json */,
				C20042472C3F7FA1003205EF /* threaded_and_grooved_pipe_210102e_Part_1.json */,
				C2F4C7E62C4A2E1500AA3437 /* threaded_and_grooved_pipe_210102e_Part_2.json */,
				C2F4C7E82C4DF12700AA3437 /* tube_and_tubing_210102f.json */,
				C2F4C7EA2C4E029100AA3437 /* valves_210102g_Part_1.json */,
				C2F4C7EC2C4E109200AA3437 /* valves_210102g_Part_2.json */,
				C2F4C7F02C4E1A0D00AA3437 /* hangers_supports_and_fasteners_210102h.json */,
				C2F4C7F22C4ECFB200AA3437 /* pressure_testing_210102i.json */,
				C2F4C7F42C4EDC2E00AA3437 /* pumps_210102j.json */,
			);
			path = "Section 2";
			sourceTree = "<group>";
		};
		C2F4C7F82C4F2DE400AA3437 /* Section 3 */ = {
			isa = PBXGroup;
			children = (
				C2F4C7F62C4F2DC800AA3437 /* welding_safety_210103a.json */,
				C2F4C7F92C4F32B900AA3437 /* welding_part_a_210103bA.json */,
				C2F4C7FB2C4F391100AA3437 /* welding_part_b_210103bB.json */,
				C2F4C7FD2C4F3A1500AA3437 /* welding_part_c_210103bC.json */,
				C2F4C7FF2C4F413A00AA3437 /* brazing_and_soldering_210103c.json */,
			);
			path = "Section 3";
			sourceTree = "<group>";
		};
		C2F4C8012C4F53B200AA3437 /* Section 4 */ = {
			isa = PBXGroup;
			children = (
				C2F4C8032C4F582700AA3437 /* sketching_and_drawing_210104a.json */,
				C2F4C7E42C4A0F7800AA3437 /* test.json */,
			);
			path = "Section 4";
			sourceTree = "<group>";
		};
		C2F4C8022C4F53C200AA3437 /* Section 5 */ = {
			isa = PBXGroup;
			children = (
			);
			path = "Section 5";
			sourceTree = "<group>";
		};
/* End PBXGroup section */

/* Begin PBXNativeTarget section */
		C20042052C3F74E1003205EF /* iPlumber */ = {
			isa = PBXNativeTarget;
			buildConfigurationList = C200422A2C3F74E6003205EF /* Build configuration list for PBXNativeTarget "iPlumber" */;
			buildPhases = (
				C20042022C3F74E1003205EF /* Sources */,
				C20042032C3F74E1003205EF /* Frameworks */,
				C20042042C3F74E1003205EF /* Resources */,
			);
			buildRules = (
			);
			dependencies = (
			);
			name = iPlumber;
			productName = iPlumber;
			productReference = C20042062C3F74E1003205EF /* iPlumber.app */;
			productType = "com.apple.product-type.application";
		};
		C20042152C3F74E6003205EF /* iPlumberTests */ = {
			isa = PBXNativeTarget;
			buildConfigurationList = C200422D2C3F74E6003205EF /* Build configuration list for PBXNativeTarget "iPlumberTests" */;
			buildPhases = (
				C20042122C3F74E6003205EF /* Sources */,
				C20042132C3F74E6003205EF /* Frameworks */,
				C20042142C3F74E6003205EF /* Resources */,
			);
			buildRules = (
			);
			dependencies = (
				C20042182C3F74E6003205EF /* PBXTargetDependency */,
			);
			name = iPlumberTests;
			productName = iPlumberTests;
			productReference = C20042162C3F74E6003205EF /* iPlumberTests.xctest */;
			productType = "com.apple.product-type.bundle.unit-test";
		};
		C200421F2C3F74E6003205EF /* iPlumberUITests */ = {
			isa = PBXNativeTarget;
			buildConfigurationList = C20042302C3F74E6003205EF /* Build configuration list for PBXNativeTarget "iPlumberUITests" */;
			buildPhases = (
				C200421C2C3F74E6003205EF /* Sources */,
				C200421D2C3F74E6003205EF /* Frameworks */,
				C200421E2C3F74E6003205EF /* Resources */,
			);
			buildRules = (
			);
			dependencies = (
				C20042222C3F74E6003205EF /* PBXTargetDependency */,
			);
			name = iPlumberUITests;
			productName = iPlumberUITests;
			productReference = C20042202C3F74E6003205EF /* iPlumberUITests.xctest */;
			productType = "com.apple.product-type.bundle.ui-testing";
		};
/* End PBXNativeTarget section */

/* Begin PBXProject section */
		C20041FE2C3F74E1003205EF /* Project object */ = {
			isa = PBXProject;
			attributes = {
				BuildIndependentTargetsInParallel = 1;
				LastSwiftUpdateCheck = 1540;
				LastUpgradeCheck = 1540;
				TargetAttributes = {
					C20042052C3F74E1003205EF = {
						CreatedOnToolsVersion = 15.4;
					};
					C20042152C3F74E6003205EF = {
						CreatedOnToolsVersion = 15.4;
						TestTargetID = C20042052C3F74E1003205EF;
					};
					C200421F2C3F74E6003205EF = {
						CreatedOnToolsVersion = 15.4;
						TestTargetID = C20042052C3F74E1003205EF;
					};
				};
			};
			buildConfigurationList = C20042012C3F74E1003205EF /* Build configuration list for PBXProject "iPlumber" */;
			compatibilityVersion = "Xcode 14.0";
			developmentRegion = en;
			hasScannedForEncodings = 0;
			knownRegions = (
				en,
				Base,
			);
			mainGroup = C20041FD2C3F74E1003205EF;
			productRefGroup = C20042072C3F74E1003205EF /* Products */;
			projectDirPath = "";
			projectRoot = "";
			targets = (
				C20042052C3F74E1003205EF /* iPlumber */,
				C20042152C3F74E6003205EF /* iPlumberTests */,
				C200421F2C3F74E6003205EF /* iPlumberUITests */,
			);
		};
/* End PBXProject section */

/* Begin PBXResourcesBuildPhase section */
		C20042042C3F74E1003205EF /* Resources */ = {
			isa = PBXResourcesBuildPhase;
			buildActionMask = 2147483647;
			files = (
				C2F4C8002C4F413A00AA3437 /* brazing_and_soldering_210103c.json in Resources */,
				C2F4C7DC2C472BCF00AA3437 /* plastic_pipe_and_tube_210102d.json in Resources */,
				C2F4C7C52C4627D300AA3437 /* welded_pipe_and_fittings_210102c.json in Resources */,
				C2F4C7ED2C4E109200AA3437 /* valves_210102g_Part_2.json in Resources */,
				C2F4C7EB2C4E029200AA3437 /* valves_210102g_Part_1.json in Resources */,
				C2F4C7C32C46235B00AA3437 /* power_tools_210102b.json in Resources */,
				C2F4C7F32C4ECFB200AA3437 /* pressure_testing_210102i.json in Resources */,
				C2F4C7BF2C461D0900AA3437 /* hand_tools_210102a.json in Resources */,
				C2F4C7FC2C4F391100AA3437 /* welding_part_b_210103bB.json in Resources */,
				C20042712C44C297003205EF /* apprenticeship_training_program_210101d.json in Resources */,
				C2F4C7E52C4A0F7800AA3437 /* test.json in Resources */,
				C20042482C3F7FA1003205EF /* threaded_and_grooved_pipe_210102e_Part_1.json in Resources */,
				C20042612C4324AD003205EF /* safety_legislation_regulations_industry_policy_in_the_trades_210101a.json in Resources */,
				C200426D2C443FD6003205EF /* climbing_lifting_rigging_hoisting_210101b.json in Resources */,
				C2F4C7FE2C4F3A1500AA3437 /* welding_part_c_210103bC.json in Resources */,
				C2F4C7FA2C4F32B900AA3437 /* welding_part_a_210103bA.json in Resources */,
				C2F4C7E92C4DF12700AA3437 /* tube_and_tubing_210102f.json in Resources */,
				C2F4C7E72C4A2E1500AA3437 /* threaded_and_grooved_pipe_210102e_Part_2.json in Resources */,
				C20042112C3F74E6003205EF /* Preview Assets.xcassets in Resources */,
				C2F4C7F72C4F2DC800AA3437 /* welding_safety_210103a.json in Resources */,
				C2F4C7F12C4E1A0D00AA3437 /* hangers_supports_and_fasteners_210102h.json in Resources */,
				C20042692C4328EE003205EF /* hazardous_materials_and_fire_protection_210101c.json in Resources */,
				C2F4C8042C4F582700AA3437 /* sketching_and_drawing_210104a.json in Resources */,
				C20042752C44D9FC003205EF /* electrical_safety_210101f.json in Resources */,
				C2F4C7F52C4EDC2E00AA3437 /* pumps_210102j.json in Resources */,
				C200420E2C3F74E6003205EF /* Assets.xcassets in Resources */,
				C20042772C44E3AA003205EF /* pipe_trades_codes_210101e.json in Resources */,
			);
			runOnlyForDeploymentPostprocessing = 0;
		};
		C20042142C3F74E6003205EF /* Resources */ = {
			isa = PBXResourcesBuildPhase;
			buildActionMask = 2147483647;
			files = (
			);
			runOnlyForDeploymentPostprocessing = 0;
		};
		C200421E2C3F74E6003205EF /* Resources */ = {
			isa = PBXResourcesBuildPhase;
			buildActionMask = 2147483647;
			files = (
			);
			runOnlyForDeploymentPostprocessing = 0;
		};
/* End PBXResourcesBuildPhase section */

/* Begin PBXSourcesBuildPhase section */
		C20042022C3F74E1003205EF /* Sources */ = {
			isa = PBXSourcesBuildPhase;
			buildActionMask = 2147483647;
			files = (
				C20042652C4324F3003205EF /* DateFormatter.swift in Sources */,
				C200425F2C432458003205EF /* TopicDetailView.swift in Sources */,
				C200426B2C43330F003205EF /* UserDefaultsKeys.swift in Sources */,
				C200423E2C3F76E6003205EF /* QuestionView.swift in Sources */,
				C20042672C4326B8003205EF /* TestViewModel.swift in Sources */,
				C20042402C3F7736003205EF /* ResultView.swift in Sources */,
				C200425D2C43243E003205EF /* TopicListView.swift in Sources */,
				C2F4C7D22C4710F100AA3437 /* TopicsView.swift in Sources */,
				C2F4C7CE2C46FE3200AA3437 /* SectionsViewModel.swift in Sources */,
				C2F4C7D62C471D7200AA3437 /* Models.swift in Sources */,
				C2F4C7D42C47125200AA3437 /* SectionListView.swift in Sources */,
				C200426F2C445898003205EF /* QuestionView_Previews.swift in Sources */,
				C200420A2C3F74E1003205EF /* iPlumberApp.swift in Sources */,
			);
			runOnlyForDeploymentPostprocessing = 0;
		};
		C20042122C3F74E6003205EF /* Sources */ = {
			isa = PBXSourcesBuildPhase;
			buildActionMask = 2147483647;
			files = (
				C200421B2C3F74E6003205EF /* iPlumberTests.swift in Sources */,
			);
			runOnlyForDeploymentPostprocessing = 0;
		};
		C200421C2C3F74E6003205EF /* Sources */ = {
			isa = PBXSourcesBuildPhase;
			buildActionMask = 2147483647;
			files = (
				C20042272C3F74E6003205EF /* iPlumberUITestsLaunchTests.swift in Sources */,
				C20042252C3F74E6003205EF /* iPlumberUITests.swift in Sources */,
			);
			runOnlyForDeploymentPostprocessing = 0;
		};
/* End PBXSourcesBuildPhase section */

/* Begin PBXTargetDependency section */
		C20042182C3F74E6003205EF /* PBXTargetDependency */ = {
			isa = PBXTargetDependency;
			target = C20042052C3F74E1003205EF /* iPlumber */;
			targetProxy = C20042172C3F74E6003205EF /* PBXContainerItemProxy */;
		};
		C20042222C3F74E6003205EF /* PBXTargetDependency */ = {
			isa = PBXTargetDependency;
			target = C20042052C3F74E1003205EF /* iPlumber */;
			targetProxy = C20042212C3F74E6003205EF /* PBXContainerItemProxy */;
		};
/* End PBXTargetDependency section */

/* Begin XCBuildConfiguration section */
		C20042282C3F74E6003205EF /* Debug */ = {
			isa = XCBuildConfiguration;
			buildSettings = {
				ALWAYS_SEARCH_USER_PATHS = NO;
				ASSETCATALOG_COMPILER_GENERATE_SWIFT_ASSET_SYMBOL_EXTENSIONS = YES;
				CLANG_ANALYZER_NONNULL = YES;
				CLANG_ANALYZER_NUMBER_OBJECT_CONVERSION = YES_AGGRESSIVE;
				CLANG_CXX_LANGUAGE_STANDARD = "gnu++20";
				CLANG_ENABLE_MODULES = YES;
				CLANG_ENABLE_OBJC_ARC = YES;
				CLANG_ENABLE_OBJC_WEAK = YES;
				CLANG_WARN_BLOCK_CAPTURE_AUTORELEASING = YES;
				CLANG_WARN_BOOL_CONVERSION = YES;
				CLANG_WARN_COMMA = YES;
				CLANG_WARN_CONSTANT_CONVERSION = YES;
				CLANG_WARN_DEPRECATED_OBJC_IMPLEMENTATIONS = YES;
				CLANG_WARN_DIRECT_OBJC_ISA_USAGE = YES_ERROR;
				CLANG_WARN_DOCUMENTATION_COMMENTS = YES;
				CLANG_WARN_EMPTY_BODY = YES;
				CLANG_WARN_ENUM_CONVERSION = YES;
				CLANG_WARN_INFINITE_RECURSION = YES;
				CLANG_WARN_INT_CONVERSION = YES;
				CLANG_WARN_NON_LITERAL_NULL_CONVERSION = YES;
				CLANG_WARN_OBJC_IMPLICIT_RETAIN_SELF = YES;
				CLANG_WARN_OBJC_LITERAL_CONVERSION = YES;
				CLANG_WARN_OBJC_ROOT_CLASS = YES_ERROR;
				CLANG_WARN_QUOTED_INCLUDE_IN_FRAMEWORK_HEADER = YES;
				CLANG_WARN_RANGE_LOOP_ANALYSIS = YES;
				CLANG_WARN_STRICT_PROTOTYPES = YES;
				CLANG_WARN_SUSPICIOUS_MOVE = YES;
				CLANG_WARN_UNGUARDED_AVAILABILITY = YES_AGGRESSIVE;
				CLANG_WARN_UNREACHABLE_CODE = YES;
				CLANG_WARN__DUPLICATE_METHOD_MATCH = YES;
				COPY_PHASE_STRIP = NO;
				DEBUG_INFORMATION_FORMAT = dwarf;
				ENABLE_STRICT_OBJC_MSGSEND = YES;
				ENABLE_TESTABILITY = YES;
				ENABLE_USER_SCRIPT_SANDBOXING = YES;
				GCC_C_LANGUAGE_STANDARD = gnu17;
				GCC_DYNAMIC_NO_PIC = NO;
				GCC_NO_COMMON_BLOCKS = YES;
				GCC_OPTIMIZATION_LEVEL = 0;
				GCC_PREPROCESSOR_DEFINITIONS = (
					"DEBUG=1",
					"$(inherited)",
				);
				GCC_WARN_64_TO_32_BIT_CONVERSION = YES;
				GCC_WARN_ABOUT_RETURN_TYPE = YES_ERROR;
				GCC_WARN_UNDECLARED_SELECTOR = YES;
				GCC_WARN_UNINITIALIZED_AUTOS = YES_AGGRESSIVE;
				GCC_WARN_UNUSED_FUNCTION = YES;
				GCC_WARN_UNUSED_VARIABLE = YES;
				IPHONEOS_DEPLOYMENT_TARGET = 17.5;
				LOCALIZATION_PREFERS_STRING_CATALOGS = YES;
				MTL_ENABLE_DEBUG_INFO = INCLUDE_SOURCE;
				MTL_FAST_MATH = YES;
				ONLY_ACTIVE_ARCH = YES;
				SDKROOT = iphoneos;
				SWIFT_ACTIVE_COMPILATION_CONDITIONS = "DEBUG $(inherited)";
				SWIFT_OPTIMIZATION_LEVEL = "-Onone";
			};
			name = Debug;
		};
		C20042292C3F74E6003205EF /* Release */ = {
			isa = XCBuildConfiguration;
			buildSettings = {
				ALWAYS_SEARCH_USER_PATHS = NO;
				ASSETCATALOG_COMPILER_GENERATE_SWIFT_ASSET_SYMBOL_EXTENSIONS = YES;
				CLANG_ANALYZER_NONNULL = YES;
				CLANG_ANALYZER_NUMBER_OBJECT_CONVERSION = YES_AGGRESSIVE;
				CLANG_CXX_LANGUAGE_STANDARD = "gnu++20";
				CLANG_ENABLE_MODULES = YES;
				CLANG_ENABLE_OBJC_ARC = YES;
				CLANG_ENABLE_OBJC_WEAK = YES;
				CLANG_WARN_BLOCK_CAPTURE_AUTORELEASING = YES;
				CLANG_WARN_BOOL_CONVERSION = YES;
				CLANG_WARN_COMMA = YES;
				CLANG_WARN_CONSTANT_CONVERSION = YES;
				CLANG_WARN_DEPRECATED_OBJC_IMPLEMENTATIONS = YES;
				CLANG_WARN_DIRECT_OBJC_ISA_USAGE = YES_ERROR;
				CLANG_WARN_DOCUMENTATION_COMMENTS = YES;
				CLANG_WARN_EMPTY_BODY = YES;
				CLANG_WARN_ENUM_CONVERSION = YES;
				CLANG_WARN_INFINITE_RECURSION = YES;
				CLANG_WARN_INT_CONVERSION = YES;
				CLANG_WARN_NON_LITERAL_NULL_CONVERSION = YES;
				CLANG_WARN_OBJC_IMPLICIT_RETAIN_SELF = YES;
				CLANG_WARN_OBJC_LITERAL_CONVERSION = YES;
				CLANG_WARN_OBJC_ROOT_CLASS = YES_ERROR;
				CLANG_WARN_QUOTED_INCLUDE_IN_FRAMEWORK_HEADER = YES;
				CLANG_WARN_RANGE_LOOP_ANALYSIS = YES;
				CLANG_WARN_STRICT_PROTOTYPES = YES;
				CLANG_WARN_SUSPICIOUS_MOVE = YES;
				CLANG_WARN_UNGUARDED_AVAILABILITY = YES_AGGRESSIVE;
				CLANG_WARN_UNREACHABLE_CODE = YES;
				CLANG_WARN__DUPLICATE_METHOD_MATCH = YES;
				COPY_PHASE_STRIP = NO;
				DEBUG_INFORMATION_FORMAT = "dwarf-with-dsym";
				ENABLE_NS_ASSERTIONS = NO;
				ENABLE_STRICT_OBJC_MSGSEND = YES;
				ENABLE_USER_SCRIPT_SANDBOXING = YES;
				GCC_C_LANGUAGE_STANDARD = gnu17;
				GCC_NO_COMMON_BLOCKS = YES;
				GCC_WARN_64_TO_32_BIT_CONVERSION = YES;
				GCC_WARN_ABOUT_RETURN_TYPE = YES_ERROR;
				GCC_WARN_UNDECLARED_SELECTOR = YES;
				GCC_WARN_UNINITIALIZED_AUTOS = YES_AGGRESSIVE;
				GCC_WARN_UNUSED_FUNCTION = YES;
				GCC_WARN_UNUSED_VARIABLE = YES;
				IPHONEOS_DEPLOYMENT_TARGET = 17.5;
				LOCALIZATION_PREFERS_STRING_CATALOGS = YES;
				MTL_ENABLE_DEBUG_INFO = NO;
				MTL_FAST_MATH = YES;
				SDKROOT = iphoneos;
				SWIFT_COMPILATION_MODE = wholemodule;
				VALIDATE_PRODUCT = YES;
			};
			name = Release;
		};
		C200422B2C3F74E6003205EF /* Debug */ = {
			isa = XCBuildConfiguration;
			buildSettings = {
				ASSETCATALOG_COMPILER_APPICON_NAME = AppIcon;
				ASSETCATALOG_COMPILER_GLOBAL_ACCENT_COLOR_NAME = AccentColor;
				ASSETCATALOG_COMPILER_INCLUDE_ALL_APPICON_ASSETS = NO;
				CODE_SIGN_STYLE = Automatic;
				CURRENT_PROJECT_VERSION = 1;
				DEVELOPMENT_ASSET_PATHS = "\"iPlumber/Preview Content\"";
				DEVELOPMENT_TEAM = 9RPPA822ML;
				ENABLE_PREVIEWS = YES;
				GENERATE_INFOPLIST_FILE = YES;
				INFOPLIST_KEY_UIApplicationSceneManifest_Generation = YES;
				INFOPLIST_KEY_UIApplicationSupportsIndirectInputEvents = YES;
				INFOPLIST_KEY_UILaunchScreen_Generation = YES;
				INFOPLIST_KEY_UILaunchStoryboardName = iPlumber.png;
				INFOPLIST_KEY_UISupportedInterfaceOrientations_iPad = "UIInterfaceOrientationPortrait UIInterfaceOrientationPortraitUpsideDown UIInterfaceOrientationLandscapeLeft UIInterfaceOrientationLandscapeRight";
				INFOPLIST_KEY_UISupportedInterfaceOrientations_iPhone = "UIInterfaceOrientationPortrait UIInterfaceOrientationLandscapeLeft UIInterfaceOrientationLandscapeRight";
				LD_RUNPATH_SEARCH_PATHS = (
					"$(inherited)",
					"@executable_path/Frameworks",
				);
				MARKETING_VERSION = 1.0;
				PRODUCT_BUNDLE_IDENTIFIER = com.mechanical.iPlumber;
				PRODUCT_NAME = "$(TARGET_NAME)";
				SWIFT_EMIT_LOC_STRINGS = YES;
				SWIFT_VERSION = 5.0;
				TARGETED_DEVICE_FAMILY = "1,2";
			};
			name = Debug;
		};
		C200422C2C3F74E6003205EF /* Release */ = {
			isa = XCBuildConfiguration;
			buildSettings = {
				ASSETCATALOG_COMPILER_APPICON_NAME = AppIcon;
				ASSETCATALOG_COMPILER_GLOBAL_ACCENT_COLOR_NAME = AccentColor;
				ASSETCATALOG_COMPILER_INCLUDE_ALL_APPICON_ASSETS = NO;
				CODE_SIGN_STYLE = Automatic;
				CURRENT_PROJECT_VERSION = 1;
				DEVELOPMENT_ASSET_PATHS = "\"iPlumber/Preview Content\"";
				DEVELOPMENT_TEAM = 9RPPA822ML;
				ENABLE_PREVIEWS = YES;
				GENERATE_INFOPLIST_FILE = YES;
				INFOPLIST_KEY_UIApplicationSceneManifest_Generation = YES;
				INFOPLIST_KEY_UIApplicationSupportsIndirectInputEvents = YES;
				INFOPLIST_KEY_UILaunchScreen_Generation = YES;
				INFOPLIST_KEY_UILaunchStoryboardName = iPlumber.png;
				INFOPLIST_KEY_UISupportedInterfaceOrientations_iPad = "UIInterfaceOrientationPortrait UIInterfaceOrientationPortraitUpsideDown UIInterfaceOrientationLandscapeLeft UIInterfaceOrientationLandscapeRight";
				INFOPLIST_KEY_UISupportedInterfaceOrientations_iPhone = "UIInterfaceOrientationPortrait UIInterfaceOrientationLandscapeLeft UIInterfaceOrientationLandscapeRight";
				LD_RUNPATH_SEARCH_PATHS = (
					"$(inherited)",
					"@executable_path/Frameworks",
				);
				MARKETING_VERSION = 1.0;
				PRODUCT_BUNDLE_IDENTIFIER = com.mechanical.iPlumber;
				PRODUCT_NAME = "$(TARGET_NAME)";
				SWIFT_EMIT_LOC_STRINGS = YES;
				SWIFT_VERSION = 5.0;
				TARGETED_DEVICE_FAMILY = "1,2";
			};
			name = Release;
		};
		C200422E2C3F74E6003205EF /* Debug */ = {
			isa = XCBuildConfiguration;
			buildSettings = {
				ALWAYS_EMBED_SWIFT_STANDARD_LIBRARIES = YES;
				BUNDLE_LOADER = "$(TEST_HOST)";
				CODE_SIGN_STYLE = Automatic;
				CURRENT_PROJECT_VERSION = 1;
				GENERATE_INFOPLIST_FILE = YES;
				IPHONEOS_DEPLOYMENT_TARGET = 17.5;
				MARKETING_VERSION = 1.0;
				PRODUCT_BUNDLE_IDENTIFIER = test.com.iPlumberTests;
				PRODUCT_NAME = "$(TARGET_NAME)";
				SWIFT_EMIT_LOC_STRINGS = NO;
				SWIFT_VERSION = 5.0;
				TARGETED_DEVICE_FAMILY = "1,2";
				TEST_HOST = "$(BUILT_PRODUCTS_DIR)/iPlumber.app/$(BUNDLE_EXECUTABLE_FOLDER_PATH)/iPlumber";
			};
			name = Debug;
		};
		C200422F2C3F74E6003205EF /* Release */ = {
			isa = XCBuildConfiguration;
			buildSettings = {
				ALWAYS_EMBED_SWIFT_STANDARD_LIBRARIES = YES;
				BUNDLE_LOADER = "$(TEST_HOST)";
				CODE_SIGN_STYLE = Automatic;
				CURRENT_PROJECT_VERSION = 1;
				GENERATE_INFOPLIST_FILE = YES;
				IPHONEOS_DEPLOYMENT_TARGET = 17.5;
				MARKETING_VERSION = 1.0;
				PRODUCT_BUNDLE_IDENTIFIER = test.com.iPlumberTests;
				PRODUCT_NAME = "$(TARGET_NAME)";
				SWIFT_EMIT_LOC_STRINGS = NO;
				SWIFT_VERSION = 5.0;
				TARGETED_DEVICE_FAMILY = "1,2";
				TEST_HOST = "$(BUILT_PRODUCTS_DIR)/iPlumber.app/$(BUNDLE_EXECUTABLE_FOLDER_PATH)/iPlumber";
			};
			name = Release;
		};
		C20042312C3F74E6003205EF /* Debug */ = {
			isa = XCBuildConfiguration;
			buildSettings = {
				ALWAYS_EMBED_SWIFT_STANDARD_LIBRARIES = YES;
				CODE_SIGN_STYLE = Automatic;
				CURRENT_PROJECT_VERSION = 1;
				GENERATE_INFOPLIST_FILE = YES;
				MARKETING_VERSION = 1.0;
				PRODUCT_BUNDLE_IDENTIFIER = test.com.iPlumberUITests;
				PRODUCT_NAME = "$(TARGET_NAME)";
				SWIFT_EMIT_LOC_STRINGS = NO;
				SWIFT_VERSION = 5.0;
				TARGETED_DEVICE_FAMILY = "1,2";
				TEST_TARGET_NAME = iPlumber;
			};
			name = Debug;
		};
		C20042322C3F74E6003205EF /* Release */ = {
			isa = XCBuildConfiguration;
			buildSettings = {
				ALWAYS_EMBED_SWIFT_STANDARD_LIBRARIES = YES;
				CODE_SIGN_STYLE = Automatic;
				CURRENT_PROJECT_VERSION = 1;
				GENERATE_INFOPLIST_FILE = YES;
				MARKETING_VERSION = 1.0;
				PRODUCT_BUNDLE_IDENTIFIER = test.com.iPlumberUITests;
				PRODUCT_NAME = "$(TARGET_NAME)";
				SWIFT_EMIT_LOC_STRINGS = NO;
				SWIFT_VERSION = 5.0;
				TARGETED_DEVICE_FAMILY = "1,2";
				TEST_TARGET_NAME = iPlumber;
			};
			name = Release;
		};
/* End XCBuildConfiguration section */

/* Begin XCConfigurationList section */
		C20042012C3F74E1003205EF /* Build configuration list for PBXProject "iPlumber" */ = {
			isa = XCConfigurationList;
			buildConfigurations = (
				C20042282C3F74E6003205EF /* Debug */,
				C20042292C3F74E6003205EF /* Release */,
			);
			defaultConfigurationIsVisible = 0;
			defaultConfigurationName = Release;
		};
		C200422A2C3F74E6003205EF /* Build configuration list for PBXNativeTarget "iPlumber" */ = {
			isa = XCConfigurationList;
			buildConfigurations = (
				C200422B2C3F74E6003205EF /* Debug */,
				C200422C2C3F74E6003205EF /* Release */,
			);
			defaultConfigurationIsVisible = 0;
			defaultConfigurationName = Release;
		};
		C200422D2C3F74E6003205EF /* Build configuration list for PBXNativeTarget "iPlumberTests" */ = {
			isa = XCConfigurationList;
			buildConfigurations = (
				C200422E2C3F74E6003205EF /* Debug */,
				C200422F2C3F74E6003205EF /* Release */,
			);
			defaultConfigurationIsVisible = 0;
			defaultConfigurationName = Release;
		};
		C20042302C3F74E6003205EF /* Build configuration list for PBXNativeTarget "iPlumberUITests" */ = {
			isa = XCConfigurationList;
			buildConfigurations = (
				C20042312C3F74E6003205EF /* Debug */,
				C20042322C3F74E6003205EF /* Release */,
			);
			defaultConfigurationIsVisible = 0;
			defaultConfigurationName = Release;
		};
/* End XCConfigurationList section */
	};
	rootObject = C20041FE2C3F74E1003205EF /* Project object */;
}
